
Microsoft Visual Studio Solution File, Format Version 12.00
# Visual Studio 2012
Project("{FAE04EC0-301F-11D3-BF4B-00C04F79EFBC}") = "SimpleAzureTraceListener", "SimpleAzureTraceListener\SimpleAzureTraceListener.csproj", "{763180FE-8A0C-4458-B283-095D7E41ABF7}"
EndProject
Global
	GlobalSection(SolutionConfigurationPlatforms) = preSolution
		Debug|Any CPU = Debug|Any CPU
		Release|Any CPU = Release|Any CPU
	EndGlobalSection
	GlobalSection(ProjectConfigurationPlatforms) = postSolution
		{763180FE-8A0C-4458-B283-095D7E41ABF7}.Debug|Any CPU.ActiveCfg = Debug|Any CPU
		{763180FE-8A0C-4458-B283-095D7E41ABF7}.Debug|Any CPU.Build.0 = Debug|Any CPU
		{763180FE-8A0C-4458-B283-095D7E41ABF7}.Release|Any CPU.ActiveCfg = Release|Any CPU
		{763180FE-8A0C-4458-B283-095D7E41ABF7}.Release|Any CPU.Build.0 = Release|Any CPU
	EndGlobalSection
	GlobalSection(SolutionProperties) = preSolution
		HideSolutionNode = FALSE
	EndGlobalSection
EndGlobal
